
Microsoft Visual Studio Solution File, Format Version 12.00
# Visual Studio Version 16
VisualStudioVersion = 16.0.29411.108
MinimumVisualStudioVersion = 10.0.40219.1
Project("{FAE04EC0-301F-11D3-BF4B-00C04F79EFBC}") = "UrvishkumarPatel_Final_Exam_StoreApp", "UrvishkumarPatel_Final_Exam_StoreApp\UrvishkumarPatel_Final_Exam_StoreApp.csproj", "{342ECDFD-30B7-456F-96A2-77CF4B49094B}"
EndProject
Global
	GlobalSection(SolutionConfigurationPlatforms) = preSolution
		Debug|Any CPU = Debug|Any CPU
		Release|Any CPU = Release|Any CPU
	EndGlobalSection
	GlobalSection(ProjectConfigurationPlatforms) = postSolution
		{342ECDFD-30B7-456F-96A2-77CF4B49094B}.Debug|Any CPU.ActiveCfg = Debug|Any CPU
		{342ECDFD-30B7-456F-96A2-77CF4B49094B}.Debug|Any CPU.Build.0 = Debug|Any CPU
		{342ECDFD-30B7-456F-96A2-77CF4B49094B}.Release|Any CPU.ActiveCfg = Release|Any CPU
		{342ECDFD-30B7-456F-96A2-77CF4B49094B}.Release|Any CPU.Build.0 = Release|Any CPU
	EndGlobalSection
	GlobalSection(SolutionProperties) = preSolution
		HideSolutionNode = FALSE
	EndGlobalSection
	GlobalSection(ExtensibilityGlobals) = postSolution
		SolutionGuid = {5964FD46-AA88-4455-ADD6-024DC021E940}
	EndGlobalSection
EndGlobal
